
Microsoft Visual Studio Solution File, Format Version 12.00
# Visual Studio Version 17
VisualStudioVersion = 17.0.32126.317
MinimumVisualStudioVersion = 10.0.40219.1
Project("{FAE04EC0-301F-11D3-BF4B-00C04F79EFBC}") = "PhoneBookApi", "PhoneBookApi\PhoneBookApi.csproj", "{BC471FCA-3D86-4F96-9450-2E538E7B6884}"
EndProject
Project("{FAE04EC0-301F-11D3-BF4B-00C04F79EFBC}") = "PhoneBookCore", "PhoneBookCore\PhoneBookCore.csproj", "{3696ECEB-5989-4FAC-97FF-92B5B362DF60}"
EndProject
Project("{FAE04EC0-301F-11D3-BF4B-00C04F79EFBC}") = "PhoneBookInfrastructure", "PhoneBookInfrastructure\PhoneBookInfrastructure.csproj", "{1773B7AF-191E-408D-8CA0-4A535CBD3216}"
EndProject
Project("{54A90642-561A-4BB1-A94E-469ADEE60C69}") = "PhoneBookWeb", "PhoneBookWeb\PhoneBookWeb.esproj", "{F1006936-A657-430A-9299-D6727AE448D8}"
EndProject
Global
	GlobalSection(SolutionConfigurationPlatforms) = preSolution
		Debug|Any CPU = Debug|Any CPU
		Release|Any CPU = Release|Any CPU
	EndGlobalSection
	GlobalSection(ProjectConfigurationPlatforms) = postSolution
		{BC471FCA-3D86-4F96-9450-2E538E7B6884}.Debug|Any CPU.ActiveCfg = Debug|Any CPU
		{BC471FCA-3D86-4F96-9450-2E538E7B6884}.Debug|Any CPU.Build.0 = Debug|Any CPU
		{BC471FCA-3D86-4F96-9450-2E538E7B6884}.Release|Any CPU.ActiveCfg = Release|Any CPU
		{BC471FCA-3D86-4F96-9450-2E538E7B6884}.Release|Any CPU.Build.0 = Release|Any CPU
		{3696ECEB-5989-4FAC-97FF-92B5B362DF60}.Debug|Any CPU.ActiveCfg = Debug|Any CPU
		{3696ECEB-5989-4FAC-97FF-92B5B362DF60}.Debug|Any CPU.Build.0 = Debug|Any CPU
		{3696ECEB-5989-4FAC-97FF-92B5B362DF60}.Release|Any CPU.ActiveCfg = Release|Any CPU
		{3696ECEB-5989-4FAC-97FF-92B5B362DF60}.Release|Any CPU.Build.0 = Release|Any CPU
		{1773B7AF-191E-408D-8CA0-4A535CBD3216}.Debug|Any CPU.ActiveCfg = Debug|Any CPU
		{1773B7AF-191E-408D-8CA0-4A535CBD3216}.Debug|Any CPU.Build.0 = Debug|Any CPU
		{1773B7AF-191E-408D-8CA0-4A535CBD3216}.Release|Any CPU.ActiveCfg = Release|Any CPU
		{1773B7AF-191E-408D-8CA0-4A535CBD3216}.Release|Any CPU.Build.0 = Release|Any CPU
		{F1006936-A657-430A-9299-D6727AE448D8}.Debug|Any CPU.ActiveCfg = Debug|Any CPU
		{F1006936-A657-430A-9299-D6727AE448D8}.Debug|Any CPU.Build.0 = Debug|Any CPU
		{F1006936-A657-430A-9299-D6727AE448D8}.Debug|Any CPU.Deploy.0 = Debug|Any CPU
		{F1006936-A657-430A-9299-D6727AE448D8}.Release|Any CPU.ActiveCfg = Release|Any CPU
		{F1006936-A657-430A-9299-D6727AE448D8}.Release|Any CPU.Build.0 = Release|Any CPU
		{F1006936-A657-430A-9299-D6727AE448D8}.Release|Any CPU.Deploy.0 = Release|Any CPU
	EndGlobalSection
	GlobalSection(SolutionProperties) = preSolution
		HideSolutionNode = FALSE
	EndGlobalSection
	GlobalSection(ExtensibilityGlobals) = postSolution
		SolutionGuid = {52DF193C-346B-4E87-A255-2AF24E1AEE5B}
	EndGlobalSection
EndGlobal
